{
  "requires": true,
  "lockfileVersion": 1,
  "dependencies": {
    "@angular/service-worker": {
      "version": "9.1.7",
      "resolved": "https://registry.npmjs.org/@angular/service-worker/-/service-worker-9.1.7.tgz",
      "integrity": "sha512-YPN6gk9+r3UDZHJqhi6psfq30g79/YN/7taPXF+29epSAu+oUo/0KYNeurwSOkWxL+lpplGP7p8Co1Zk1Q3zRQ=="
    }
  }
}
